{
  "version": 4,
  "terraform_version": "1.6.1",
  "serial": 6,
  "lineage": "1a4d1945-ac1c-563a-14fd-d034b85f67cf",
  "outputs": {},
  "resources": [
    {
      "mode": "data",
      "type": "spotify_search_track",
      "name": "DeviSriPrasad",
      "provider": "provider[\"registry.terraform.io/conradludgate/spotify\"]",
      "instances": [
        {
          "schema_version": 0,
          "attributes": {
            "album": null,
            "artist": "DeviSriPrasad",
            "explicit": true,
            "id": "1726548960",
            "limit": 20,
            "name": null,
            "tracks": [
              {
                "album": "7gzl2DEz4LGnwM1qr5UIP5",
                "artists": [
                  "0oOet2f43PA68X5RxKobEy",
                  "5sSzCxHtgL82pYDvx2QyEU",
                  "3gZ3IpjebAehFzIYhFIJDK"
                ],
                "id": "2gKNWPBrI2IRBl2RRUtoEb",
                "name": "Sooseki (From \"Pushpa 2 The Rule\") [TELUGU]"
              },
              {
                "album": "7i3rOAK3iPA96QAekZeOrh",
                "artists": [
                  "0oOet2f43PA68X5RxKobEy",
                  "5sSzCxHtgL82pYDvx2QyEU",
                  "5DJ9Jdt2tfopA7eKuHCO4h"
                ],
                "id": "2ZDOzySC2g3YF1p26TPzBt",
                "name": "Angaaron (From \"Pushpa 2 The Rule\") [HINDI]"
              },
              {
                "album": "2aNP8WRBq1cUgP4hvblCVa",
                "artists": [
                  "5sSzCxHtgL82pYDvx2QyEU"
                ],
                "id": "1JJjHoFLuQQKddOzD8pYsS",
                "name": "Andhamyna Bhamalu"
              },
              {
                "album": "7vuWNVdv7zSwgHJ7qx26O4",
                "artists": [
                  "5sSzCxHtgL82pYDvx2QyEU",
                  "4fEkbug6kZzzJ8eYX6Kbbp"
                ],
                "id": "57zEYntUat0ofbFpoicN26",
                "name": "Uppenantha"
              },
              {
                "album": "1iyTadvfpktJDCLF9GmHbL",
                "artists": [
                  "5sSzCxHtgL82pYDvx2QyEU",
                  "7qjJw7ZM2ekDSahLXPjIlN",
                  "3gZ3IpjebAehFzIYhFIJDK"
                ],
                "id": "2YmXGUx32C3CUEgcAyHcGf",
                "name": "Srivalli (From \"Pushpa - The Rise\")(Telugu)"
              },
              {
                "album": "4tXcR4YBqi96HgZlMCBY7v",
                "artists": [
                  "5sSzCxHtgL82pYDvx2QyEU",
                  "1cNcHeOmjm7yKUYWhrmjMM",
                  "3gZ3IpjebAehFzIYhFIJDK"
                ],
                "id": "3szxldqiYs7nkvtmooRod8",
                "name": "Oo Antava Oo Oo Antava (From \"Pushpa - The Rise\")(Telugu)"
              },
              {
                "album": "18hhin8Y0j4EeOn3G2PYXX",
                "artists": [
                  "4kq8z3vydHjPDggxb16ErB",
                  "5iFKS1bnBNFWBAmd7mi0vf",
                  "5sSzCxHtgL82pYDvx2QyEU",
                  "3gZ3IpjebAehFzIYhFIJDK"
                ],
                "id": "5bnxMZqd9Kpn9ByHj3Dc9C",
                "name": "Pushpa Pushpa (From \"Pushpa 2 The Rule\") [TELUGU]"
              },
              {
                "album": "3luAOiA8IWyuqcbh8eR8ui",
                "artists": [
                  "5sSzCxHtgL82pYDvx2QyEU",
                  "3RiwMIK2NXH21U7A0mxZRt"
                ],
                "id": "2ylshHMbSFJ2CavXuc8rtN",
                "name": "En Peeru Meenakumari"
              },
              {
                "album": "0vHE0cmA8orbBgzIWz9T3D",
                "artists": [
                  "4W91bbPB2CTSsHwt7eqNl7",
                  "5sSzCxHtgL82pYDvx2QyEU"
                ],
                "id": "1C9SYGI40nNYh98gN87Fwr",
                "name": "Nee Kannu Neeli Samudram - Telugu"
              },
              {
                "album": "1BrEY7RLhmBelVc8gkpLrd",
                "artists": [
                  "5sSzCxHtgL82pYDvx2QyEU",
                  "3QL2xVnI7n5Fng1l4e56AP",
                  "3oVTCMgAvt1x7EogVtX40H"
                ],
                "id": "6eaGltLiHCqMkS3F821oWu",
                "name": "Daddy Mummy"
              },
              {
                "album": "7vuWNVdv7zSwgHJ7qx26O4",
                "artists": [
                  "5sSzCxHtgL82pYDvx2QyEU",
                  "1FI8Am7UxI2XLUtFs2jPva"
                ],
                "id": "3APiIzLQYIitzR8F3oG1fV",
                "name": "Ringa Ringa"
              },
              {
                "album": "7vuWNVdv7zSwgHJ7qx26O4",
                "artists": [
                  "5sSzCxHtgL82pYDvx2QyEU",
                  "7zFlr6Y537SdALqy0Xfvth"
                ],
                "id": "0DpBhHvxAOZUhaRh33dIUK",
                "name": "My Love Is Gone"
              },
              {
                "album": "6rKdfrQh6O6UB6xrKQZvEM",
                "artists": [
                  "5sSzCxHtgL82pYDvx2QyEU",
                  "1eBHjBxiNA3gyEWEN7oRxM",
                  "06vOoTzj6cIac9FMbNXz9h"
                ],
                "id": "3NzGZnT961NHnGyNCi9X7W",
                "name": "Yaendi Yaendi"
              },
              {
                "album": "5XZ8yGUI0aUHt2OEHxaFvg",
                "artists": [
                  "5sSzCxHtgL82pYDvx2QyEU"
                ],
                "id": "28pMkd9JEFnupyk4SnCTPn",
                "name": "Kannmoodi thirakkum"
              },
              {
                "album": "5Dsl0TKy0SKHwXqXflMVEN",
                "artists": [
                  "5sSzCxHtgL82pYDvx2QyEU",
                  "5DIc36FvJbmKSeCcFhg48M",
                  "4etv0ut4ws0GbXBtolzf5e"
                ],
                "id": "0kAP7Uplwp2iLLsNgsdWxc",
                "name": "Kannu Rendum"
              },
              {
                "album": "7vuWNVdv7zSwgHJ7qx26O4",
                "artists": [
                  "5sSzCxHtgL82pYDvx2QyEU",
                  "3t4P7aXVor3NxlJPZxLzOQ",
                  "4C93poAbsEf1Fvl3c30XKM"
                ],
                "id": "37I2SLeJcpkQpKFMLJt550",
                "name": "Karige Loga"
              },
              {
                "album": "1BrEY7RLhmBelVc8gkpLrd",
                "artists": [
                  "5sSzCxHtgL82pYDvx2QyEU"
                ],
                "id": "03U54vL2BusGyivjzEIzmT",
                "name": "Dheemthanakka Thillana"
              },
              {
                "album": "6mirm559XB8jiveF7ONuUx",
                "artists": [
                  "5sSzCxHtgL82pYDvx2QyEU",
                  "5yoqPvofOHrBc3Z6VZyTsj",
                  "5r80gH9ibGjUVSQrXD8W7Z"
                ],
                "id": "28fPIWqAfqoEEGSb0rA4LZ",
                "name": "Oo Solriya Oo Oo Solriya (From \"Pushpa - The Rise\")(Tamil)"
              },
              {
                "album": "0o80h7hMTz2wjzJSvckOcr",
                "artists": [
                  "4W91bbPB2CTSsHwt7eqNl7",
                  "5sSzCxHtgL82pYDvx2QyEU"
                ],
                "id": "7sVEoPc5ZUUQerRkgTypUZ",
                "name": "Srivalli (From \"Pushpa The Rise Part - 01\")"
              },
              {
                "album": "4YsqNN5tiO50zC5i2MXimr",
                "artists": [
                  "4K42hgH9ltvSq74hcOC85P",
                  "5sSzCxHtgL82pYDvx2QyEU"
                ],
                "id": "43zT3oDEP3I5FiZWugfqCZ",
                "name": "Adada Adada"
              }
            ],
            "year": null
          },
          "sensitive_attributes": []
        }
      ]
    },
    {
      "mode": "managed",
      "type": "spotify_playlist",
      "name": "Terraform-Playlist",
      "provider": "provider[\"registry.terraform.io/conradludgate/spotify\"]",
      "instances": [
        {
          "schema_version": 0,
          "attributes": {
            "description": "",
            "id": "6RByeWs9UphSpn2Bg6zoIm",
            "name": "Terraform-playlist",
            "public": true,
            "snapshot_id": "AAAAAlaIiqT7nwHtOfAZRpQsszXFKXBa",
            "tracks": [
              "6WCVnARSUrBrfzod8oAAQ3"
            ]
          },
          "sensitive_attributes": [],
          "private": "bnVsbA=="
        }
      ]
    },
    {
      "mode": "managed",
      "type": "spotify_playlist",
      "name": "Terraform_Playlist_DSP",
      "provider": "provider[\"registry.terraform.io/conradludgate/spotify\"]",
      "instances": [
        {
          "schema_version": 0,
          "attributes": {
            "description": "Playlist contains the songs that are tuned by DSP",
            "id": "63rySDgOsRS0W1kWJJYUPs",
            "name": "Terraform_Playlist_DSP",
            "public": true,
            "snapshot_id": "AAAAAhUWVcR/Eyzto1MkWLcrR6ZiHueQ",
            "tracks": [
              "2gKNWPBrI2IRBl2RRUtoEb",
              "3szxldqiYs7nkvtmooRod8",
              "3APiIzLQYIitzR8F3oG1fV",
              "28pMkd9JEFnupyk4SnCTPn",
              "28fPIWqAfqoEEGSb0rA4LZ",
              "43zT3oDEP3I5FiZWugfqCZ"
            ]
          },
          "sensitive_attributes": [],
          "private": "bnVsbA==",
          "dependencies": [
            "data.spotify_search_track.DeviSriPrasad"
          ]
        }
      ]
    }
  ],
  "check_results": null
}
